
Microsoft Visual Studio Solution File, Format Version 12.00
# Visual Studio 15
VisualStudioVersion = 15.0.28010.2026
MinimumVisualStudioVersion = 10.0.40219.1
Project("{FAE04EC0-301F-11D3-BF4B-00C04F79EFBC}") = "core.mongo.trademark", "core.mongo.trademark\core.mongo.trademark.csproj", "{5AF46CAB-EC40-4AC3-B434-FEC71913EF97}"
EndProject
Project("{FAE04EC0-301F-11D3-BF4B-00C04F79EFBC}") = "core.mongo.webapi", "core.mongo.webapi\core.mongo.webapi.csproj", "{089CC6B0-205C-4C8A-8297-0B3084999BF5}"
EndProject
Global
	GlobalSection(SolutionConfigurationPlatforms) = preSolution
		Debug|Any CPU = Debug|Any CPU
		Release|Any CPU = Release|Any CPU
	EndGlobalSection
	GlobalSection(ProjectConfigurationPlatforms) = postSolution
		{5AF46CAB-EC40-4AC3-B434-FEC71913EF97}.Debug|Any CPU.ActiveCfg = Debug|Any CPU
		{5AF46CAB-EC40-4AC3-B434-FEC71913EF97}.Debug|Any CPU.Build.0 = Debug|Any CPU
		{5AF46CAB-EC40-4AC3-B434-FEC71913EF97}.Release|Any CPU.ActiveCfg = Release|Any CPU
		{5AF46CAB-EC40-4AC3-B434-FEC71913EF97}.Release|Any CPU.Build.0 = Release|Any CPU
		{089CC6B0-205C-4C8A-8297-0B3084999BF5}.Debug|Any CPU.ActiveCfg = Debug|Any CPU
		{089CC6B0-205C-4C8A-8297-0B3084999BF5}.Debug|Any CPU.Build.0 = Debug|Any CPU
		{089CC6B0-205C-4C8A-8297-0B3084999BF5}.Release|Any CPU.ActiveCfg = Release|Any CPU
		{089CC6B0-205C-4C8A-8297-0B3084999BF5}.Release|Any CPU.Build.0 = Release|Any CPU
	EndGlobalSection
	GlobalSection(SolutionProperties) = preSolution
		HideSolutionNode = FALSE
	EndGlobalSection
	GlobalSection(ExtensibilityGlobals) = postSolution
		SolutionGuid = {BCB3A637-D7B9-4123-A6BA-A2D5358B77EF}
	EndGlobalSection
EndGlobal
